
Microsoft Visual Studio Solution File, Format Version 12.00
# Visual Studio 15
VisualStudioVersion = 15.0.26430.6
MinimumVisualStudioVersion = 10.0.40219.1
Project("{FAE04EC0-301F-11D3-BF4B-00C04F79EFBC}") = "GoogleSheetsAPITesting", "GoogleSheetsAPITesting\GoogleSheetsAPITesting.csproj", "{46387D5B-8CA3-45AD-85C6-8BF8F97051C4}"
EndProject
Project("{FAE04EC0-301F-11D3-BF4B-00C04F79EFBC}") = "ApplicationLogic", "ApplicationLogic\ApplicationLogic.csproj", "{B1A39E38-38DC-4096-8298-6E63B4E10812}"
EndProject
Global
	GlobalSection(SolutionConfigurationPlatforms) = preSolution
		Debug|Any CPU = Debug|Any CPU
		Release|Any CPU = Release|Any CPU
	EndGlobalSection
	GlobalSection(ProjectConfigurationPlatforms) = postSolution
		{46387D5B-8CA3-45AD-85C6-8BF8F97051C4}.Debug|Any CPU.ActiveCfg = Debug|Any CPU
		{46387D5B-8CA3-45AD-85C6-8BF8F97051C4}.Debug|Any CPU.Build.0 = Debug|Any CPU
		{46387D5B-8CA3-45AD-85C6-8BF8F97051C4}.Release|Any CPU.ActiveCfg = Release|Any CPU
		{46387D5B-8CA3-45AD-85C6-8BF8F97051C4}.Release|Any CPU.Build.0 = Release|Any CPU
		{B1A39E38-38DC-4096-8298-6E63B4E10812}.Debug|Any CPU.ActiveCfg = Debug|Any CPU
		{B1A39E38-38DC-4096-8298-6E63B4E10812}.Debug|Any CPU.Build.0 = Debug|Any CPU
		{B1A39E38-38DC-4096-8298-6E63B4E10812}.Release|Any CPU.ActiveCfg = Release|Any CPU
		{B1A39E38-38DC-4096-8298-6E63B4E10812}.Release|Any CPU.Build.0 = Release|Any CPU
	EndGlobalSection
	GlobalSection(SolutionProperties) = preSolution
		HideSolutionNode = FALSE
	EndGlobalSection
EndGlobal
